
Microsoft Visual Studio Solution File, Format Version 12.00
# Visual Studio Version 17
VisualStudioVersion = 17.3.32901.215
MinimumVisualStudioVersion = 10.0.40219.1
Project("{FAE04EC0-301F-11D3-BF4B-00C04F79EFBC}") = "BandCentral.Uwp", "BandCentral.Uwp\BandCentral.Uwp.csproj", "{3D49DCE6-08DF-4BDF-9ECE-57552E136EDD}"
EndProject
Project("{2150E333-8FDC-42A3-9474-1A3956D46DE8}") = "Libs", "Libs", "{2A614AD3-3FD7-4F0B-A556-4DD59BBA83D0}"
	ProjectSection(SolutionItems) = preProject
		Flickr\FlickrNetWS.dll = Flickr\FlickrNetWS.dll
	EndProjectSection
EndProject
Project("{FAE04EC0-301F-11D3-BF4B-00C04F79EFBC}") = "BandCentral.UwpBackgroundTasks", "BandCentral.UwpBackgroundTasks\BandCentral.UwpBackgroundTasks.csproj", "{17E8370C-80C5-42B9-A113-88F9756E0A27}"
EndProject
Project("{9A19103F-16F7-4668-BE54-9A1E7A4F7556}") = "BandCentral.Models", "BandCentral.Models\BandCentral.Models.csproj", "{4D6B441B-B5AF-4F6E-98F8-9C098061431C}"
EndProject
Global
	GlobalSection(SolutionConfigurationPlatforms) = preSolution
		Ad-Hoc|Any CPU = Ad-Hoc|Any CPU
		Ad-Hoc|ARM = Ad-Hoc|ARM
		Ad-Hoc|iPhone = Ad-Hoc|iPhone
		Ad-Hoc|iPhoneSimulator = Ad-Hoc|iPhoneSimulator
		Ad-Hoc|Mixed Platforms = Ad-Hoc|Mixed Platforms
		Ad-Hoc|UWP ARM = Ad-Hoc|UWP ARM
		Ad-Hoc|x64 = Ad-Hoc|x64
		Ad-Hoc|x86 = Ad-Hoc|x86
		AppStore|Any CPU = AppStore|Any CPU
		AppStore|ARM = AppStore|ARM
		AppStore|iPhone = AppStore|iPhone
		AppStore|iPhoneSimulator = AppStore|iPhoneSimulator
		AppStore|Mixed Platforms = AppStore|Mixed Platforms
		AppStore|UWP ARM = AppStore|UWP ARM
		AppStore|x64 = AppStore|x64
		AppStore|x86 = AppStore|x86
		Debug|Any CPU = Debug|Any CPU
		Debug|ARM = Debug|ARM
		Debug|iPhone = Debug|iPhone
		Debug|iPhoneSimulator = Debug|iPhoneSimulator
		Debug|Mixed Platforms = Debug|Mixed Platforms
		Debug|UWP ARM = Debug|UWP ARM
		Debug|x64 = Debug|x64
		Debug|x86 = Debug|x86
		Release|Any CPU = Release|Any CPU
		Release|ARM = Release|ARM
		Release|iPhone = Release|iPhone
		Release|iPhoneSimulator = Release|iPhoneSimulator
		Release|Mixed Platforms = Release|Mixed Platforms
		Release|UWP ARM = Release|UWP ARM
		Release|x64 = Release|x64
		Release|x86 = Release|x86
	EndGlobalSection
	GlobalSection(ProjectConfigurationPlatforms) = postSolution
		{3D49DCE6-08DF-4BDF-9ECE-57552E136EDD}.Ad-Hoc|Any CPU.ActiveCfg = Release|x64
		{3D49DCE6-08DF-4BDF-9ECE-57552E136EDD}.Ad-Hoc|Any CPU.Build.0 = Release|x64
		{3D49DCE6-08DF-4BDF-9ECE-57552E136EDD}.Ad-Hoc|Any CPU.Deploy.0 = Release|x64
		{3D49DCE6-08DF-4BDF-9ECE-57552E136EDD}.Ad-Hoc|ARM.ActiveCfg = Release|ARM
		{3D49DCE6-08DF-4BDF-9ECE-57552E136EDD}.Ad-Hoc|ARM.Build.0 = Release|ARM
		{3D49DCE6-08DF-4BDF-9ECE-57552E136EDD}.Ad-Hoc|ARM.Deploy.0 = Release|ARM
		{3D49DCE6-08DF-4BDF-9ECE-57552E136EDD}.Ad-Hoc|iPhone.ActiveCfg = Release|x64
		{3D49DCE6-08DF-4BDF-9ECE-57552E136EDD}.Ad-Hoc|iPhone.Build.0 = Release|x64
		{3D49DCE6-08DF-4BDF-9ECE-57552E136EDD}.Ad-Hoc|iPhone.Deploy.0 = Release|x64
		{3D49DCE6-08DF-4BDF-9ECE-57552E136EDD}.Ad-Hoc|iPhoneSimulator.ActiveCfg = Release|x64
		{3D49DCE6-08DF-4BDF-9ECE-57552E136EDD}.Ad-Hoc|iPhoneSimulator.Build.0 = Release|x64
		{3D49DCE6-08DF-4BDF-9ECE-57552E136EDD}.Ad-Hoc|iPhoneSimulator.Deploy.0 = Release|x64
		{3D49DCE6-08DF-4BDF-9ECE-57552E136EDD}.Ad-Hoc|Mixed Platforms.ActiveCfg = Release|x86
		{3D49DCE6-08DF-4BDF-9ECE-57552E136EDD}.Ad-Hoc|Mixed Platforms.Build.0 = Release|x86
		{3D49DCE6-08DF-4BDF-9ECE-57552E136EDD}.Ad-Hoc|Mixed Platforms.Deploy.0 = Release|x86
		{3D49DCE6-08DF-4BDF-9ECE-57552E136EDD}.Ad-Hoc|UWP ARM.ActiveCfg = Release|x86
		{3D49DCE6-08DF-4BDF-9ECE-57552E136EDD}.Ad-Hoc|UWP ARM.Build.0 = Release|x86
		{3D49DCE6-08DF-4BDF-9ECE-57552E136EDD}.Ad-Hoc|UWP ARM.Deploy.0 = Release|x86
		{3D49DCE6-08DF-4BDF-9ECE-57552E136EDD}.Ad-Hoc|x64.ActiveCfg = Release|x64
		{3D49DCE6-08DF-4BDF-9ECE-57552E136EDD}.Ad-Hoc|x64.Build.0 = Release|x64
		{3D49DCE6-08DF-4BDF-9ECE-57552E136EDD}.Ad-Hoc|x64.Deploy.0 = Release|x64
		{3D49DCE6-08DF-4BDF-9ECE-57552E136EDD}.Ad-Hoc|x86.ActiveCfg = Release|x86
		{3D49DCE6-08DF-4BDF-9ECE-57552E136EDD}.Ad-Hoc|x86.Build.0 = Release|x86
		{3D49DCE6-08DF-4BDF-9ECE-57552E136EDD}.Ad-Hoc|x86.Deploy.0 = Release|x86
		{3D49DCE6-08DF-4BDF-9ECE-57552E136EDD}.AppStore|Any CPU.ActiveCfg = Release|x64
		{3D49DCE6-08DF-4BDF-9ECE-57552E136EDD}.AppStore|Any CPU.Build.0 = Release|x64
		{3D49DCE6-08DF-4BDF-9ECE-57552E136EDD}.AppStore|Any CPU.Deploy.0 = Release|x64
		{3D49DCE6-08DF-4BDF-9ECE-57552E136EDD}.AppStore|ARM.ActiveCfg = Release|ARM
		{3D49DCE6-08DF-4BDF-9ECE-57552E136EDD}.AppStore|ARM.Build.0 = Release|ARM
		{3D49DCE6-08DF-4BDF-9ECE-57552E136EDD}.AppStore|ARM.Deploy.0 = Release|ARM
		{3D49DCE6-08DF-4BDF-9ECE-57552E136EDD}.AppStore|iPhone.ActiveCfg = Release|x64
		{3D49DCE6-08DF-4BDF-9ECE-57552E136EDD}.AppStore|iPhone.Build.0 = Release|x64
		{3D49DCE6-08DF-4BDF-9ECE-57552E136EDD}.AppStore|iPhone.Deploy.0 = Release|x64
		{3D49DCE6-08DF-4BDF-9ECE-57552E136EDD}.AppStore|iPhoneSimulator.ActiveCfg = Release|x64
		{3D49DCE6-08DF-4BDF-9ECE-57552E136EDD}.AppStore|iPhoneSimulator.Build.0 = Release|x64
		{3D49DCE6-08DF-4BDF-9ECE-57552E136EDD}.AppStore|iPhoneSimulator.Deploy.0 = Release|x64
		{3D49DCE6-08DF-4BDF-9ECE-57552E136EDD}.AppStore|Mixed Platforms.ActiveCfg = Release|x86
		{3D49DCE6-08DF-4BDF-9ECE-57552E136EDD}.AppStore|Mixed Platforms.Build.0 = Release|x86
		{3D49DCE6-08DF-4BDF-9ECE-57552E136EDD}.AppStore|Mixed Platforms.Deploy.0 = Release|x86
		{3D49DCE6-08DF-4BDF-9ECE-57552E136EDD}.AppStore|UWP ARM.ActiveCfg = Release|x86
		{3D49DCE6-08DF-4BDF-9ECE-57552E136EDD}.AppStore|UWP ARM.Build.0 = Release|x86
		{3D49DCE6-08DF-4BDF-9ECE-57552E136EDD}.AppStore|UWP ARM.Deploy.0 = Release|x86
		{3D49DCE6-08DF-4BDF-9ECE-57552E136EDD}.AppStore|x64.ActiveCfg = Release|x64
		{3D49DCE6-08DF-4BDF-9ECE-57552E136EDD}.AppStore|x64.Build.0 = Release|x64
		{3D49DCE6-08DF-4BDF-9ECE-57552E136EDD}.AppStore|x64.Deploy.0 = Release|x64
		{3D49DCE6-08DF-4BDF-9ECE-57552E136EDD}.AppStore|x86.ActiveCfg = Release|x86
		{3D49DCE6-08DF-4BDF-9ECE-57552E136EDD}.AppStore|x86.Build.0 = Release|x86
		{3D49DCE6-08DF-4BDF-9ECE-57552E136EDD}.AppStore|x86.Deploy.0 = Release|x86
		{3D49DCE6-08DF-4BDF-9ECE-57552E136EDD}.Debug|Any CPU.ActiveCfg = Debug|x86
		{3D49DCE6-08DF-4BDF-9ECE-57552E136EDD}.Debug|ARM.ActiveCfg = Debug|ARM
		{3D49DCE6-08DF-4BDF-9ECE-57552E136EDD}.Debug|ARM.Build.0 = Debug|ARM
		{3D49DCE6-08DF-4BDF-9ECE-57552E136EDD}.Debug|ARM.Deploy.0 = Debug|ARM
		{3D49DCE6-08DF-4BDF-9ECE-57552E136EDD}.Debug|iPhone.ActiveCfg = Debug|x86
		{3D49DCE6-08DF-4BDF-9ECE-57552E136EDD}.Debug|iPhoneSimulator.ActiveCfg = Debug|x86
		{3D49DCE6-08DF-4BDF-9ECE-57552E136EDD}.Debug|Mixed Platforms.ActiveCfg = Debug|x86
		{3D49DCE6-08DF-4BDF-9ECE-57552E136EDD}.Debug|Mixed Platforms.Build.0 = Debug|x86
		{3D49DCE6-08DF-4BDF-9ECE-57552E136EDD}.Debug|Mixed Platforms.Deploy.0 = Debug|x86
		{3D49DCE6-08DF-4BDF-9ECE-57552E136EDD}.Debug|UWP ARM.ActiveCfg = Debug|ARM
		{3D49DCE6-08DF-4BDF-9ECE-57552E136EDD}.Debug|UWP ARM.Build.0 = Debug|ARM
		{3D49DCE6-08DF-4BDF-9ECE-57552E136EDD}.Debug|UWP ARM.Deploy.0 = Debug|ARM
		{3D49DCE6-08DF-4BDF-9ECE-57552E136EDD}.Debug|x64.ActiveCfg = Debug|x64
		{3D49DCE6-08DF-4BDF-9ECE-57552E136EDD}.Debug|x64.Build.0 = Debug|x64
		{3D49DCE6-08DF-4BDF-9ECE-57552E136EDD}.Debug|x64.Deploy.0 = Debug|x64
		{3D49DCE6-08DF-4BDF-9ECE-57552E136EDD}.Debug|x86.ActiveCfg = Debug|x86
		{3D49DCE6-08DF-4BDF-9ECE-57552E136EDD}.Debug|x86.Build.0 = Debug|x86
		{3D49DCE6-08DF-4BDF-9ECE-57552E136EDD}.Debug|x86.Deploy.0 = Debug|x86
		{3D49DCE6-08DF-4BDF-9ECE-57552E136EDD}.Release|Any CPU.ActiveCfg = Release|x86
		{3D49DCE6-08DF-4BDF-9ECE-57552E136EDD}.Release|Any CPU.Build.0 = Release|x86
		{3D49DCE6-08DF-4BDF-9ECE-57552E136EDD}.Release|Any CPU.Deploy.0 = Release|x86
		{3D49DCE6-08DF-4BDF-9ECE-57552E136EDD}.Release|ARM.ActiveCfg = Release|ARM
		{3D49DCE6-08DF-4BDF-9ECE-57552E136EDD}.Release|ARM.Build.0 = Release|ARM
		{3D49DCE6-08DF-4BDF-9ECE-57552E136EDD}.Release|ARM.Deploy.0 = Release|ARM
		{3D49DCE6-08DF-4BDF-9ECE-57552E136EDD}.Release|iPhone.ActiveCfg = Release|x86
		{3D49DCE6-08DF-4BDF-9ECE-57552E136EDD}.Release|iPhoneSimulator.ActiveCfg = Release|x86
		{3D49DCE6-08DF-4BDF-9ECE-57552E136EDD}.Release|Mixed Platforms.ActiveCfg = Release|x86
		{3D49DCE6-08DF-4BDF-9ECE-57552E136EDD}.Release|Mixed Platforms.Build.0 = Release|x86
		{3D49DCE6-08DF-4BDF-9ECE-57552E136EDD}.Release|Mixed Platforms.Deploy.0 = Release|x86
		{3D49DCE6-08DF-4BDF-9ECE-57552E136EDD}.Release|UWP ARM.ActiveCfg = Release|x86
		{3D49DCE6-08DF-4BDF-9ECE-57552E136EDD}.Release|UWP ARM.Build.0 = Release|x86
		{3D49DCE6-08DF-4BDF-9ECE-57552E136EDD}.Release|UWP ARM.Deploy.0 = Release|x86
		{3D49DCE6-08DF-4BDF-9ECE-57552E136EDD}.Release|x64.ActiveCfg = Release|x64
		{3D49DCE6-08DF-4BDF-9ECE-57552E136EDD}.Release|x64.Build.0 = Release|x64
		{3D49DCE6-08DF-4BDF-9ECE-57552E136EDD}.Release|x64.Deploy.0 = Release|x64
		{3D49DCE6-08DF-4BDF-9ECE-57552E136EDD}.Release|x86.ActiveCfg = Release|x86
		{3D49DCE6-08DF-4BDF-9ECE-57552E136EDD}.Release|x86.Build.0 = Release|x86
		{3D49DCE6-08DF-4BDF-9ECE-57552E136EDD}.Release|x86.Deploy.0 = Release|x86
		{17E8370C-80C5-42B9-A113-88F9756E0A27}.Ad-Hoc|Any CPU.ActiveCfg = Release|Any CPU
		{17E8370C-80C5-42B9-A113-88F9756E0A27}.Ad-Hoc|Any CPU.Build.0 = Release|Any CPU
		{17E8370C-80C5-42B9-A113-88F9756E0A27}.Ad-Hoc|ARM.ActiveCfg = Release|ARM
		{17E8370C-80C5-42B9-A113-88F9756E0A27}.Ad-Hoc|ARM.Build.0 = Release|ARM
		{17E8370C-80C5-42B9-A113-88F9756E0A27}.Ad-Hoc|iPhone.ActiveCfg = Release|Any CPU
		{17E8370C-80C5-42B9-A113-88F9756E0A27}.Ad-Hoc|iPhone.Build.0 = Release|Any CPU
		{17E8370C-80C5-42B9-A113-88F9756E0A27}.Ad-Hoc|iPhoneSimulator.ActiveCfg = Release|Any CPU
		{17E8370C-80C5-42B9-A113-88F9756E0A27}.Ad-Hoc|iPhoneSimulator.Build.0 = Release|Any CPU
		{17E8370C-80C5-42B9-A113-88F9756E0A27}.Ad-Hoc|Mixed Platforms.ActiveCfg = Release|x86
		{17E8370C-80C5-42B9-A113-88F9756E0A27}.Ad-Hoc|Mixed Platforms.Build.0 = Release|x86
		{17E8370C-80C5-42B9-A113-88F9756E0A27}.Ad-Hoc|UWP ARM.ActiveCfg = Release|x86
		{17E8370C-80C5-42B9-A113-88F9756E0A27}.Ad-Hoc|UWP ARM.Build.0 = Release|x86
		{17E8370C-80C5-42B9-A113-88F9756E0A27}.Ad-Hoc|x64.ActiveCfg = Release|x64
		{17E8370C-80C5-42B9-A113-88F9756E0A27}.Ad-Hoc|x64.Build.0 = Release|x64
		{17E8370C-80C5-42B9-A113-88F9756E0A27}.Ad-Hoc|x86.ActiveCfg = Release|x86
		{17E8370C-80C5-42B9-A113-88F9756E0A27}.Ad-Hoc|x86.Build.0 = Release|x86
		{17E8370C-80C5-42B9-A113-88F9756E0A27}.AppStore|Any CPU.ActiveCfg = Release|Any CPU
		{17E8370C-80C5-42B9-A113-88F9756E0A27}.AppStore|Any CPU.Build.0 = Release|Any CPU
		{17E8370C-80C5-42B9-A113-88F9756E0A27}.AppStore|ARM.ActiveCfg = Release|ARM
		{17E8370C-80C5-42B9-A113-88F9756E0A27}.AppStore|ARM.Build.0 = Release|ARM
		{17E8370C-80C5-42B9-A113-88F9756E0A27}.AppStore|iPhone.ActiveCfg = Release|Any CPU
		{17E8370C-80C5-42B9-A113-88F9756E0A27}.AppStore|iPhone.Build.0 = Release|Any CPU
		{17E8370C-80C5-42B9-A113-88F9756E0A27}.AppStore|iPhoneSimulator.ActiveCfg = Release|Any CPU
		{17E8370C-80C5-42B9-A113-88F9756E0A27}.AppStore|iPhoneSimulator.Build.0 = Release|Any CPU
		{17E8370C-80C5-42B9-A113-88F9756E0A27}.AppStore|Mixed Platforms.ActiveCfg = Release|x86
		{17E8370C-80C5-42B9-A113-88F9756E0A27}.AppStore|Mixed Platforms.Build.0 = Release|x86
		{17E8370C-80C5-42B9-A113-88F9756E0A27}.AppStore|UWP ARM.ActiveCfg = Release|x86
		{17E8370C-80C5-42B9-A113-88F9756E0A27}.AppStore|UWP ARM.Build.0 = Release|x86
		{17E8370C-80C5-42B9-A113-88F9756E0A27}.AppStore|x64.ActiveCfg = Release|x64
		{17E8370C-80C5-42B9-A113-88F9756E0A27}.AppStore|x64.Build.0 = Release|x64
		{17E8370C-80C5-42B9-A113-88F9756E0A27}.AppStore|x86.ActiveCfg = Release|x86
		{17E8370C-80C5-42B9-A113-88F9756E0A27}.AppStore|x86.Build.0 = Release|x86
		{17E8370C-80C5-42B9-A113-88F9756E0A27}.Debug|Any CPU.ActiveCfg = Debug|Any CPU
		{17E8370C-80C5-42B9-A113-88F9756E0A27}.Debug|Any CPU.Deploy.0 = Debug|Any CPU
		{17E8370C-80C5-42B9-A113-88F9756E0A27}.Debug|ARM.ActiveCfg = Debug|ARM
		{17E8370C-80C5-42B9-A113-88F9756E0A27}.Debug|ARM.Build.0 = Debug|ARM
		{17E8370C-80C5-42B9-A113-88F9756E0A27}.Debug|iPhone.ActiveCfg = Debug|Any CPU
		{17E8370C-80C5-42B9-A113-88F9756E0A27}.Debug|iPhoneSimulator.ActiveCfg = Debug|Any CPU
		{17E8370C-80C5-42B9-A113-88F9756E0A27}.Debug|Mixed Platforms.ActiveCfg = Debug|x86
		{17E8370C-80C5-42B9-A113-88F9756E0A27}.Debug|Mixed Platforms.Build.0 = Debug|x86
		{17E8370C-80C5-42B9-A113-88F9756E0A27}.Debug|UWP ARM.ActiveCfg = Debug|x86
		{17E8370C-80C5-42B9-A113-88F9756E0A27}.Debug|UWP ARM.Build.0 = Debug|x86
		{17E8370C-80C5-42B9-A113-88F9756E0A27}.Debug|x64.ActiveCfg = Debug|x64
		{17E8370C-80C5-42B9-A113-88F9756E0A27}.Debug|x64.Build.0 = Debug|x64
		{17E8370C-80C5-42B9-A113-88F9756E0A27}.Debug|x86.ActiveCfg = Debug|x86
		{17E8370C-80C5-42B9-A113-88F9756E0A27}.Debug|x86.Build.0 = Debug|x86
		{17E8370C-80C5-42B9-A113-88F9756E0A27}.Release|Any CPU.ActiveCfg = Release|Any CPU
		{17E8370C-80C5-42B9-A113-88F9756E0A27}.Release|Any CPU.Build.0 = Release|Any CPU
		{17E8370C-80C5-42B9-A113-88F9756E0A27}.Release|Any CPU.Deploy.0 = Release|Any CPU
		{17E8370C-80C5-42B9-A113-88F9756E0A27}.Release|ARM.ActiveCfg = Release|ARM
		{17E8370C-80C5-42B9-A113-88F9756E0A27}.Release|ARM.Build.0 = Release|ARM
		{17E8370C-80C5-42B9-A113-88F9756E0A27}.Release|iPhone.ActiveCfg = Release|Any CPU
		{17E8370C-80C5-42B9-A113-88F9756E0A27}.Release|iPhone.Build.0 = Release|Any CPU
		{17E8370C-80C5-42B9-A113-88F9756E0A27}.Release|iPhoneSimulator.ActiveCfg = Release|Any CPU
		{17E8370C-80C5-42B9-A113-88F9756E0A27}.Release|iPhoneSimulator.Build.0 = Release|Any CPU
		{17E8370C-80C5-42B9-A113-88F9756E0A27}.Release|Mixed Platforms.ActiveCfg = Release|x86
		{17E8370C-80C5-42B9-A113-88F9756E0A27}.Release|Mixed Platforms.Build.0 = Release|x86
		{17E8370C-80C5-42B9-A113-88F9756E0A27}.Release|UWP ARM.ActiveCfg = Release|x86
		{17E8370C-80C5-42B9-A113-88F9756E0A27}.Release|UWP ARM.Build.0 = Release|x86
		{17E8370C-80C5-42B9-A113-88F9756E0A27}.Release|x64.ActiveCfg = Release|x64
		{17E8370C-80C5-42B9-A113-88F9756E0A27}.Release|x64.Build.0 = Release|x64
		{17E8370C-80C5-42B9-A113-88F9756E0A27}.Release|x86.ActiveCfg = Release|x86
		{17E8370C-80C5-42B9-A113-88F9756E0A27}.Release|x86.Build.0 = Release|x86
		{4D6B441B-B5AF-4F6E-98F8-9C098061431C}.Ad-Hoc|Any CPU.ActiveCfg = Debug|Any CPU
		{4D6B441B-B5AF-4F6E-98F8-9C098061431C}.Ad-Hoc|Any CPU.Build.0 = Debug|Any CPU
		{4D6B441B-B5AF-4F6E-98F8-9C098061431C}.Ad-Hoc|ARM.ActiveCfg = Debug|Any CPU
		{4D6B441B-B5AF-4F6E-98F8-9C098061431C}.Ad-Hoc|ARM.Build.0 = Debug|Any CPU
		{4D6B441B-B5AF-4F6E-98F8-9C098061431C}.Ad-Hoc|iPhone.ActiveCfg = Debug|Any CPU
		{4D6B441B-B5AF-4F6E-98F8-9C098061431C}.Ad-Hoc|iPhone.Build.0 = Debug|Any CPU
		{4D6B441B-B5AF-4F6E-98F8-9C098061431C}.Ad-Hoc|iPhoneSimulator.ActiveCfg = Debug|Any CPU
		{4D6B441B-B5AF-4F6E-98F8-9C098061431C}.Ad-Hoc|iPhoneSimulator.Build.0 = Debug|Any CPU
		{4D6B441B-B5AF-4F6E-98F8-9C098061431C}.Ad-Hoc|Mixed Platforms.ActiveCfg = Debug|Any CPU
		{4D6B441B-B5AF-4F6E-98F8-9C098061431C}.Ad-Hoc|Mixed Platforms.Build.0 = Debug|Any CPU
		{4D6B441B-B5AF-4F6E-98F8-9C098061431C}.Ad-Hoc|UWP ARM.ActiveCfg = Debug|Any CPU
		{4D6B441B-B5AF-4F6E-98F8-9C098061431C}.Ad-Hoc|UWP ARM.Build.0 = Debug|Any CPU
		{4D6B441B-B5AF-4F6E-98F8-9C098061431C}.Ad-Hoc|x64.ActiveCfg = Debug|Any CPU
		{4D6B441B-B5AF-4F6E-98F8-9C098061431C}.Ad-Hoc|x64.Build.0 = Debug|Any CPU
		{4D6B441B-B5AF-4F6E-98F8-9C098061431C}.Ad-Hoc|x86.ActiveCfg = Debug|Any CPU
		{4D6B441B-B5AF-4F6E-98F8-9C098061431C}.Ad-Hoc|x86.Build.0 = Debug|Any CPU
		{4D6B441B-B5AF-4F6E-98F8-9C098061431C}.AppStore|Any CPU.ActiveCfg = Debug|Any CPU
		{4D6B441B-B5AF-4F6E-98F8-9C098061431C}.AppStore|Any CPU.Build.0 = Debug|Any CPU
		{4D6B441B-B5AF-4F6E-98F8-9C098061431C}.AppStore|ARM.ActiveCfg = Debug|Any CPU
		{4D6B441B-B5AF-4F6E-98F8-9C098061431C}.AppStore|ARM.Build.0 = Debug|Any CPU
		{4D6B441B-B5AF-4F6E-98F8-9C098061431C}.AppStore|iPhone.ActiveCfg = Debug|Any CPU
		{4D6B441B-B5AF-4F6E-98F8-9C098061431C}.AppStore|iPhone.Build.0 = Debug|Any CPU
		{4D6B441B-B5AF-4F6E-98F8-9C098061431C}.AppStore|iPhoneSimulator.ActiveCfg = Debug|Any CPU
		{4D6B441B-B5AF-4F6E-98F8-9C098061431C}.AppStore|iPhoneSimulator.Build.0 = Debug|Any CPU
		{4D6B441B-B5AF-4F6E-98F8-9C098061431C}.AppStore|Mixed Platforms.ActiveCfg = Debug|Any CPU
		{4D6B441B-B5AF-4F6E-98F8-9C098061431C}.AppStore|Mixed Platforms.Build.0 = Debug|Any CPU
		{4D6B441B-B5AF-4F6E-98F8-9C098061431C}.AppStore|UWP ARM.ActiveCfg = Debug|Any CPU
		{4D6B441B-B5AF-4F6E-98F8-9C098061431C}.AppStore|UWP ARM.Build.0 = Debug|Any CPU
		{4D6B441B-B5AF-4F6E-98F8-9C098061431C}.AppStore|x64.ActiveCfg = Debug|Any CPU
		{4D6B441B-B5AF-4F6E-98F8-9C098061431C}.AppStore|x64.Build.0 = Debug|Any CPU
		{4D6B441B-B5AF-4F6E-98F8-9C098061431C}.AppStore|x86.ActiveCfg = Debug|Any CPU
		{4D6B441B-B5AF-4F6E-98F8-9C098061431C}.AppStore|x86.Build.0 = Debug|Any CPU
		{4D6B441B-B5AF-4F6E-98F8-9C098061431C}.Debug|Any CPU.ActiveCfg = Debug|Any CPU
		{4D6B441B-B5AF-4F6E-98F8-9C098061431C}.Debug|Any CPU.Build.0 = Debug|Any CPU
		{4D6B441B-B5AF-4F6E-98F8-9C098061431C}.Debug|ARM.ActiveCfg = Debug|Any CPU
		{4D6B441B-B5AF-4F6E-98F8-9C098061431C}.Debug|ARM.Build.0 = Debug|Any CPU
		{4D6B441B-B5AF-4F6E-98F8-9C098061431C}.Debug|iPhone.ActiveCfg = Debug|Any CPU
		{4D6B441B-B5AF-4F6E-98F8-9C098061431C}.Debug|iPhone.Build.0 = Debug|Any CPU
		{4D6B441B-B5AF-4F6E-98F8-9C098061431C}.Debug|iPhoneSimulator.ActiveCfg = Debug|Any CPU
		{4D6B441B-B5AF-4F6E-98F8-9C098061431C}.Debug|iPhoneSimulator.Build.0 = Debug|Any CPU
		{4D6B441B-B5AF-4F6E-98F8-9C098061431C}.Debug|Mixed Platforms.ActiveCfg = Debug|Any CPU
		{4D6B441B-B5AF-4F6E-98F8-9C098061431C}.Debug|Mixed Platforms.Build.0 = Debug|Any CPU
		{4D6B441B-B5AF-4F6E-98F8-9C098061431C}.Debug|UWP ARM.ActiveCfg = Debug|Any CPU
		{4D6B441B-B5AF-4F6E-98F8-9C098061431C}.Debug|UWP ARM.Build.0 = Debug|Any CPU
		{4D6B441B-B5AF-4F6E-98F8-9C098061431C}.Debug|x64.ActiveCfg = Debug|Any CPU
		{4D6B441B-B5AF-4F6E-98F8-9C098061431C}.Debug|x64.Build.0 = Debug|Any CPU
		{4D6B441B-B5AF-4F6E-98F8-9C098061431C}.Debug|x86.ActiveCfg = Debug|Any CPU
		{4D6B441B-B5AF-4F6E-98F8-9C098061431C}.Debug|x86.Build.0 = Debug|Any CPU
		{4D6B441B-B5AF-4F6E-98F8-9C098061431C}.Release|Any CPU.ActiveCfg = Release|Any CPU
		{4D6B441B-B5AF-4F6E-98F8-9C098061431C}.Release|Any CPU.Build.0 = Release|Any CPU
		{4D6B441B-B5AF-4F6E-98F8-9C098061431C}.Release|ARM.ActiveCfg = Release|Any CPU
		{4D6B441B-B5AF-4F6E-98F8-9C098061431C}.Release|ARM.Build.0 = Release|Any CPU
		{4D6B441B-B5AF-4F6E-98F8-9C098061431C}.Release|iPhone.ActiveCfg = Release|Any CPU
		{4D6B441B-B5AF-4F6E-98F8-9C098061431C}.Release|iPhone.Build.0 = Release|Any CPU
		{4D6B441B-B5AF-4F6E-98F8-9C098061431C}.Release|iPhoneSimulator.ActiveCfg = Release|Any CPU
		{4D6B441B-B5AF-4F6E-98F8-9C098061431C}.Release|iPhoneSimulator.Build.0 = Release|Any CPU
		{4D6B441B-B5AF-4F6E-98F8-9C098061431C}.Release|Mixed Platforms.ActiveCfg = Release|Any CPU
		{4D6B441B-B5AF-4F6E-98F8-9C098061431C}.Release|Mixed Platforms.Build.0 = Release|Any CPU
		{4D6B441B-B5AF-4F6E-98F8-9C098061431C}.Release|UWP ARM.ActiveCfg = Release|Any CPU
		{4D6B441B-B5AF-4F6E-98F8-9C098061431C}.Release|UWP ARM.Build.0 = Release|Any CPU
		{4D6B441B-B5AF-4F6E-98F8-9C098061431C}.Release|x64.ActiveCfg = Release|Any CPU
		{4D6B441B-B5AF-4F6E-98F8-9C098061431C}.Release|x64.Build.0 = Release|Any CPU
		{4D6B441B-B5AF-4F6E-98F8-9C098061431C}.Release|x86.ActiveCfg = Release|Any CPU
		{4D6B441B-B5AF-4F6E-98F8-9C098061431C}.Release|x86.Build.0 = Release|Any CPU
	EndGlobalSection
	GlobalSection(SolutionProperties) = preSolution
		HideSolutionNode = FALSE
	EndGlobalSection
	GlobalSection(ExtensibilityGlobals) = postSolution
		SolutionGuid = {0DB58EB3-57AA-417F-AF29-4E9715B415D8}
	EndGlobalSection
EndGlobal
